
Microsoft Visual Studio Solution File, Format Version 12.00
# Visual Studio Version 16
VisualStudioVersion = 16.0.30413.136
MinimumVisualStudioVersion = 10.0.40219.1
Project("{FAE04EC0-301F-11D3-BF4B-00C04F79EFBC}") = "prueba", "prueba\prueba.csproj", "{DB1CA98B-26C3-4176-8CF8-CFF69AF07377}"
EndProject
Global
	GlobalSection(SolutionConfigurationPlatforms) = preSolution
		Debug|Any CPU = Debug|Any CPU
		Release|Any CPU = Release|Any CPU
	EndGlobalSection
	GlobalSection(ProjectConfigurationPlatforms) = postSolution
		{DB1CA98B-26C3-4176-8CF8-CFF69AF07377}.Debug|Any CPU.ActiveCfg = Debug|Any CPU
		{DB1CA98B-26C3-4176-8CF8-CFF69AF07377}.Debug|Any CPU.Build.0 = Debug|Any CPU
		{DB1CA98B-26C3-4176-8CF8-CFF69AF07377}.Release|Any CPU.ActiveCfg = Release|Any CPU
		{DB1CA98B-26C3-4176-8CF8-CFF69AF07377}.Release|Any CPU.Build.0 = Release|Any CPU
	EndGlobalSection
	GlobalSection(SolutionProperties) = preSolution
		HideSolutionNode = FALSE
	EndGlobalSection
	GlobalSection(ExtensibilityGlobals) = postSolution
		SolutionGuid = {AB4B9E42-888D-405B-81C0-A882B1E68E7A}
	EndGlobalSection
EndGlobal
